# THIS IS AN AUTOGENERATED FILE. DO NOT EDIT THIS FILE DIRECTLY.
# yarn lockfile v1


clear-console@^1.1.0:
  version "1.1.0"
  resolved "https://registry.yarnpkg.com/clear-console/-/clear-console-1.1.0.tgz#9873a5fe9d763da3dd1c0f434095fabed7d444b4"
  integrity sha1-mHOl/p12PaPdHA9DQJX6vtfURLQ=

readline@^1.3.0:
  version "1.3.0"
  resolved "https://registry.yarnpkg.com/readline/-/readline-1.3.0.tgz#c580d77ef2cfc8752b132498060dc9793a7ac01c"
  integrity sha1-xYDXfvLPyHUrEySYBg3JeTp6wBw=
